
Microsoft Visual Studio Solution File, Format Version 12.00
# Visual Studio Version 17
VisualStudioVersion = 17.14.36518.9 d17.14
MinimumVisualStudioVersion = 10.0.40219.1
Project("{FAE04EC0-301F-11D3-BF4B-00C04F79EFBC}") = "eTeacher.Assignment.Api", "eTeacher.Assignment.Api.csproj", "{76153A32-01D2-E960-E637-4ACF28C3AC2D}"
EndProject
Project("{FAE04EC0-301F-11D3-BF4B-00C04F79EFBC}") = "eTeacher.Assignment.Api.Tests", "..\tests\eTeacher.Assignment.Api.Tests\eTeacher.Assignment.Api.Tests.csproj", "{2DDD3370-67BF-CEAF-F01F-B9E6EDB5F1C0}"
EndProject
Global
	GlobalSection(SolutionConfigurationPlatforms) = preSolution
		Debug|Any CPU = Debug|Any CPU
		Release|Any CPU = Release|Any CPU
	EndGlobalSection
	GlobalSection(ProjectConfigurationPlatforms) = postSolution
		{76153A32-01D2-E960-E637-4ACF28C3AC2D}.Debug|Any CPU.ActiveCfg = Debug|Any CPU
		{76153A32-01D2-E960-E637-4ACF28C3AC2D}.Debug|Any CPU.Build.0 = Debug|Any CPU
		{76153A32-01D2-E960-E637-4ACF28C3AC2D}.Release|Any CPU.ActiveCfg = Release|Any CPU
		{76153A32-01D2-E960-E637-4ACF28C3AC2D}.Release|Any CPU.Build.0 = Release|Any CPU
		{2DDD3370-67BF-CEAF-F01F-B9E6EDB5F1C0}.Debug|Any CPU.ActiveCfg = Debug|Any CPU
		{2DDD3370-67BF-CEAF-F01F-B9E6EDB5F1C0}.Debug|Any CPU.Build.0 = Debug|Any CPU
		{2DDD3370-67BF-CEAF-F01F-B9E6EDB5F1C0}.Release|Any CPU.ActiveCfg = Release|Any CPU
		{2DDD3370-67BF-CEAF-F01F-B9E6EDB5F1C0}.Release|Any CPU.Build.0 = Release|Any CPU
	EndGlobalSection
	GlobalSection(SolutionProperties) = preSolution
		HideSolutionNode = FALSE
	EndGlobalSection
	GlobalSection(ExtensibilityGlobals) = postSolution
		SolutionGuid = {83F3A3D3-BDCC-4380-8E46-AE39E82B0B80}
	EndGlobalSection
EndGlobal
